
Microsoft Visual Studio Solution File, Format Version 12.00
# Visual Studio Version 17
VisualStudioVersion = 17.5.2.0
MinimumVisualStudioVersion = 10.0.40219.1
Project("{FAE04EC0-301F-11D3-BF4B-00C04F79EFBC}") = "NetTools", "NetTools\NetTools.csproj", "{E3CD1006-85BF-719D-4385-D3E86CE8BB99}"
EndProject
Project("{FAE04EC0-301F-11D3-BF4B-00C04F79EFBC}") = "NetTools.Tests", "NetTools.Tests\NetTools.Tests.csproj", "{58481AB7-3B59-4833-BCF0-4A73E237A4E5}"
EndProject
Project("{2150E333-8FDC-42A3-9474-1A3956D46DE8}") = "Solution Items", "Solution Items", "{A1B2C3D4-E5F6-7890-ABCD-EF1234567890}"
	ProjectSection(SolutionItems) = preProject
		.github\workflows\build.yml = .github\workflows\build.yml
		.github\workflows\ci.yml = .github\workflows\ci.yml
		.github\ISSUE_TEMPLATE\bug_report.md = .github\ISSUE_TEMPLATE\bug_report.md
		.github\ISSUE_TEMPLATE\feature_request.md = .github\ISSUE_TEMPLATE\feature_request.md
		.github\pull_request_template.md = .github\pull_request_template.md
		.github\instructions\code style.instructions.md = .github\instructions\code style.instructions.md
		.github\instructions\test style.instructions.md = .github\instructions\test style.instructions.md
		CONTRIBUTING.md = CONTRIBUTING.md
		LICENSE = LICENSE
		README.md = README.md
	EndProjectSection
EndProject
Global
	GlobalSection(SolutionConfigurationPlatforms) = preSolution
		Debug|Any CPU = Debug|Any CPU
		Debug|x64 = Debug|x64
		Debug|x86 = Debug|x86
		Release|Any CPU = Release|Any CPU
		Release|x64 = Release|x64
		Release|x86 = Release|x86
	EndGlobalSection
	GlobalSection(ProjectConfigurationPlatforms) = postSolution
		{E3CD1006-85BF-719D-4385-D3E86CE8BB99}.Debug|Any CPU.ActiveCfg = Debug|Any CPU
		{E3CD1006-85BF-719D-4385-D3E86CE8BB99}.Debug|Any CPU.Build.0 = Debug|Any CPU
		{E3CD1006-85BF-719D-4385-D3E86CE8BB99}.Debug|x64.ActiveCfg = Debug|Any CPU
		{E3CD1006-85BF-719D-4385-D3E86CE8BB99}.Debug|x64.Build.0 = Debug|Any CPU
		{E3CD1006-85BF-719D-4385-D3E86CE8BB99}.Debug|x86.ActiveCfg = Debug|Any CPU
		{E3CD1006-85BF-719D-4385-D3E86CE8BB99}.Debug|x86.Build.0 = Debug|Any CPU
		{E3CD1006-85BF-719D-4385-D3E86CE8BB99}.Release|Any CPU.ActiveCfg = Release|Any CPU
		{E3CD1006-85BF-719D-4385-D3E86CE8BB99}.Release|Any CPU.Build.0 = Release|Any CPU
		{E3CD1006-85BF-719D-4385-D3E86CE8BB99}.Release|x64.ActiveCfg = Release|Any CPU
		{E3CD1006-85BF-719D-4385-D3E86CE8BB99}.Release|x64.Build.0 = Release|Any CPU
		{E3CD1006-85BF-719D-4385-D3E86CE8BB99}.Release|x86.ActiveCfg = Release|Any CPU
		{E3CD1006-85BF-719D-4385-D3E86CE8BB99}.Release|x86.Build.0 = Release|Any CPU
		{58481AB7-3B59-4833-BCF0-4A73E237A4E5}.Debug|Any CPU.ActiveCfg = Debug|Any CPU
		{58481AB7-3B59-4833-BCF0-4A73E237A4E5}.Debug|Any CPU.Build.0 = Debug|Any CPU
		{58481AB7-3B59-4833-BCF0-4A73E237A4E5}.Debug|x64.ActiveCfg = Debug|Any CPU
		{58481AB7-3B59-4833-BCF0-4A73E237A4E5}.Debug|x64.Build.0 = Debug|Any CPU
		{58481AB7-3B59-4833-BCF0-4A73E237A4E5}.Debug|x86.ActiveCfg = Debug|Any CPU
		{58481AB7-3B59-4833-BCF0-4A73E237A4E5}.Debug|x86.Build.0 = Debug|Any CPU
		{58481AB7-3B59-4833-BCF0-4A73E237A4E5}.Release|Any CPU.ActiveCfg = Release|Any CPU
		{58481AB7-3B59-4833-BCF0-4A73E237A4E5}.Release|Any CPU.Build.0 = Release|Any CPU
		{58481AB7-3B59-4833-BCF0-4A73E237A4E5}.Release|x64.ActiveCfg = Release|Any CPU
		{58481AB7-3B59-4833-BCF0-4A73E237A4E5}.Release|x64.Build.0 = Release|Any CPU
		{58481AB7-3B59-4833-BCF0-4A73E237A4E5}.Release|x86.ActiveCfg = Release|Any CPU
		{58481AB7-3B59-4833-BCF0-4A73E237A4E5}.Release|x86.Build.0 = Release|Any CPU
	EndGlobalSection
	GlobalSection(SolutionProperties) = preSolution
		HideSolutionNode = FALSE
	EndGlobalSection
	GlobalSection(ExtensibilityGlobals) = postSolution
		SolutionGuid = {0A69BFB8-13BF-42E9-82D8-5589F2083DB9}
	EndGlobalSection
EndGlobal
